
Microsoft Visual Studio Solution File, Format Version 12.00
# Visual Studio Version 17
VisualStudioVersion = 17.0.31903.59
MinimumVisualStudioVersion = 10.0.40219.1
Project("{2150E333-8FDC-42A3-9474-1A3956D46DE8}") = "src", "src", "{3D502CE0-BBE2-4B9B-9E09-EA0713129911}"
EndProject
Project("{FAE04EC0-301F-11D3-BF4B-00C04F79EFBC}") = "Codex.Web.Wasm", "src\Codex.Web.Wasm\Codex.Web.Wasm.csproj", "{07B3F7FA-279F-46D8-A0B3-CF2BB7B73918}"
EndProject
Project("{2150E333-8FDC-42A3-9474-1A3956D46DE8}") = "Lucene", "Lucene", "{F4381958-2D1A-494D-BA37-4CD8F7676645}"
EndProject
Project("{FAE04EC0-301F-11D3-BF4B-00C04F79EFBC}") = "Lucene.Net", "lucenenet\src\Lucene.Net\Lucene.Net.csproj", "{CAD2FF96-BEC0-D7D8-3E78-07646B98D3C0}"
EndProject
Project("{FAE04EC0-301F-11D3-BF4B-00C04F79EFBC}") = "Lucene.Net.Analysis.Common", "lucenenet\src\Lucene.Net.Analysis.Common\Lucene.Net.Analysis.Common.csproj", "{677C2548-5899-08A5-FE03-221A913537A5}"
EndProject
Project("{FAE04EC0-301F-11D3-BF4B-00C04F79EFBC}") = "Lucene.Net.QueryParser", "lucenenet\src\Lucene.Net.QueryParser\Lucene.Net.QueryParser.csproj", "{C0B81ACA-BDCB-822E-1D32-ABF9A00081FB}"
EndProject
Project("{FAE04EC0-301F-11D3-BF4B-00C04F79EFBC}") = "Lucene.Net.Sandbox", "lucenenet\src\Lucene.Net.Sandbox\Lucene.Net.Sandbox.csproj", "{F79327BA-E400-6FA5-52FE-2FFFA9AE3259}"
EndProject
Project("{FAE04EC0-301F-11D3-BF4B-00C04F79EFBC}") = "Lucene.Net.Queries", "lucenenet\src\Lucene.Net.Queries\Lucene.Net.Queries.csproj", "{B5EE30E0-3FFC-55E3-2F98-FDF95A8D165F}"
EndProject
Project("{FAE04EC0-301F-11D3-BF4B-00C04F79EFBC}") = "Codex.Sdk", "src\Codex.Sdk\Codex.Sdk.csproj", "{EFD149B3-0541-26B6-9284-4C13B9190A83}"
EndProject
Project("{FAE04EC0-301F-11D3-BF4B-00C04F79EFBC}") = "Codex.ObjectModel", "src\Codex.ObjectModel\Codex.ObjectModel.csproj", "{3A4B2B29-5620-10EF-49C0-B8C88592A8DB}"
EndProject
Project("{2150E333-8FDC-42A3-9474-1A3956D46DE8}") = "Support", "Support", "{23EFC72E-8F66-4051-B234-623CCC0FDAF0}"
EndProject
Project("{FAE04EC0-301F-11D3-BF4B-00C04F79EFBC}") = "Codex.Framework.Generator", "src\Codex.Framework.Generator\Codex.Framework.Generator.csproj", "{EC6E7DA1-3DDC-7E74-D13A-F507D91D3AB3}"
EndProject
Global
	GlobalSection(SolutionConfigurationPlatforms) = preSolution
		Debug|Any CPU = Debug|Any CPU
		Release|Any CPU = Release|Any CPU
	EndGlobalSection
	GlobalSection(SolutionProperties) = preSolution
		HideSolutionNode = FALSE
	EndGlobalSection
	GlobalSection(ProjectConfigurationPlatforms) = postSolution
		{CAD2FF96-BEC0-D7D8-3E78-07646B98D3C0}.Debug|Any CPU.ActiveCfg = Debug|Any CPU
		{CAD2FF96-BEC0-D7D8-3E78-07646B98D3C0}.Debug|Any CPU.Build.0 = Debug|Any CPU
		{CAD2FF96-BEC0-D7D8-3E78-07646B98D3C0}.Release|Any CPU.ActiveCfg = Release|Any CPU
		{CAD2FF96-BEC0-D7D8-3E78-07646B98D3C0}.Release|Any CPU.Build.0 = Release|Any CPU
		{677C2548-5899-08A5-FE03-221A913537A5}.Debug|Any CPU.ActiveCfg = Debug|Any CPU
		{677C2548-5899-08A5-FE03-221A913537A5}.Debug|Any CPU.Build.0 = Debug|Any CPU
		{677C2548-5899-08A5-FE03-221A913537A5}.Release|Any CPU.ActiveCfg = Release|Any CPU
		{677C2548-5899-08A5-FE03-221A913537A5}.Release|Any CPU.Build.0 = Release|Any CPU
		{C0B81ACA-BDCB-822E-1D32-ABF9A00081FB}.Debug|Any CPU.ActiveCfg = Debug|Any CPU
		{C0B81ACA-BDCB-822E-1D32-ABF9A00081FB}.Debug|Any CPU.Build.0 = Debug|Any CPU
		{C0B81ACA-BDCB-822E-1D32-ABF9A00081FB}.Release|Any CPU.ActiveCfg = Release|Any CPU
		{C0B81ACA-BDCB-822E-1D32-ABF9A00081FB}.Release|Any CPU.Build.0 = Release|Any CPU
		{F79327BA-E400-6FA5-52FE-2FFFA9AE3259}.Debug|Any CPU.ActiveCfg = Debug|Any CPU
		{F79327BA-E400-6FA5-52FE-2FFFA9AE3259}.Debug|Any CPU.Build.0 = Debug|Any CPU
		{F79327BA-E400-6FA5-52FE-2FFFA9AE3259}.Release|Any CPU.ActiveCfg = Release|Any CPU
		{F79327BA-E400-6FA5-52FE-2FFFA9AE3259}.Release|Any CPU.Build.0 = Release|Any CPU
		{B5EE30E0-3FFC-55E3-2F98-FDF95A8D165F}.Debug|Any CPU.ActiveCfg = Debug|Any CPU
		{B5EE30E0-3FFC-55E3-2F98-FDF95A8D165F}.Debug|Any CPU.Build.0 = Debug|Any CPU
		{B5EE30E0-3FFC-55E3-2F98-FDF95A8D165F}.Release|Any CPU.ActiveCfg = Release|Any CPU
		{B5EE30E0-3FFC-55E3-2F98-FDF95A8D165F}.Release|Any CPU.Build.0 = Release|Any CPU
		{EC6E7DA1-3DDC-7E74-D13A-F507D91D3AB3}.Debug|Any CPU.ActiveCfg = Debug|Any CPU
		{EC6E7DA1-3DDC-7E74-D13A-F507D91D3AB3}.Debug|Any CPU.Build.0 = Debug|Any CPU
		{EC6E7DA1-3DDC-7E74-D13A-F507D91D3AB3}.Release|Any CPU.ActiveCfg = Release|Any CPU
		{EC6E7DA1-3DDC-7E74-D13A-F507D91D3AB3}.Release|Any CPU.Build.0 = Release|Any CPU
		{3A4B2B29-5620-10EF-49C0-B8C88592A8DB}.Debug|Any CPU.ActiveCfg = Debug|Any CPU
		{3A4B2B29-5620-10EF-49C0-B8C88592A8DB}.Debug|Any CPU.Build.0 = Debug|Any CPU
		{3A4B2B29-5620-10EF-49C0-B8C88592A8DB}.Release|Any CPU.ActiveCfg = Release|Any CPU
		{3A4B2B29-5620-10EF-49C0-B8C88592A8DB}.Release|Any CPU.Build.0 = Release|Any CPU
		{EFD149B3-0541-26B6-9284-4C13B9190A83}.Debug|Any CPU.ActiveCfg = Debug|Any CPU
		{EFD149B3-0541-26B6-9284-4C13B9190A83}.Debug|Any CPU.Build.0 = Debug|Any CPU
		{EFD149B3-0541-26B6-9284-4C13B9190A83}.Release|Any CPU.ActiveCfg = Release|Any CPU
		{EFD149B3-0541-26B6-9284-4C13B9190A83}.Release|Any CPU.Build.0 = Release|Any CPU
		{07B3F7FA-279F-46D8-A0B3-CF2BB7B73918}.Debug|Any CPU.ActiveCfg = Debug|Any CPU
		{07B3F7FA-279F-46D8-A0B3-CF2BB7B73918}.Debug|Any CPU.Build.0 = Debug|Any CPU
		{07B3F7FA-279F-46D8-A0B3-CF2BB7B73918}.Release|Any CPU.ActiveCfg = Release|Any CPU
		{07B3F7FA-279F-46D8-A0B3-CF2BB7B73918}.Release|Any CPU.Build.0 = Release|Any CPU
	EndGlobalSection
	GlobalSection(NestedProjects) = preSolution
		{07B3F7FA-279F-46D8-A0B3-CF2BB7B73918} = {3D502CE0-BBE2-4B9B-9E09-EA0713129911}
		{CAD2FF96-BEC0-D7D8-3E78-07646B98D3C0} = {F4381958-2D1A-494D-BA37-4CD8F7676645}
		{677C2548-5899-08A5-FE03-221A913537A5} = {F4381958-2D1A-494D-BA37-4CD8F7676645}
		{C0B81ACA-BDCB-822E-1D32-ABF9A00081FB} = {F4381958-2D1A-494D-BA37-4CD8F7676645}
		{F79327BA-E400-6FA5-52FE-2FFFA9AE3259} = {F4381958-2D1A-494D-BA37-4CD8F7676645}
		{B5EE30E0-3FFC-55E3-2F98-FDF95A8D165F} = {F4381958-2D1A-494D-BA37-4CD8F7676645}
		{EFD149B3-0541-26B6-9284-4C13B9190A83} = {3D502CE0-BBE2-4B9B-9E09-EA0713129911}
		{3A4B2B29-5620-10EF-49C0-B8C88592A8DB} = {3D502CE0-BBE2-4B9B-9E09-EA0713129911}
		{EC6E7DA1-3DDC-7E74-D13A-F507D91D3AB3} = {23EFC72E-8F66-4051-B234-623CCC0FDAF0}
	EndGlobalSection
EndGlobal
